
Microsoft Visual Studio Solution File, Format Version 12.00
# Visual Studio Version 17
VisualStudioVersion = 17.9.34728.123
MinimumVisualStudioVersion = 10.0.40219.1
Project("{9A19103F-16F7-4668-BE54-9A1E7A4F7556}") = "MBC.Domain", "MBC.Domain\MBC.Domain.csproj", "{74ADC537-C431-493F-A701-94D21A146591}"
EndProject
Project("{FAE04EC0-301F-11D3-BF4B-00C04F79EFBC}") = "MBC.Infrastructure", "MBC.Infrastructure\MBC.Infrastructure.csproj", "{BD560AF4-9C2C-4330-963A-66FFB76ED310}"
EndProject
Project("{FAE04EC0-301F-11D3-BF4B-00C04F79EFBC}") = "MBC.Application", "MBC.Application\MBC.Application.csproj", "{87540468-0636-47DC-9AEE-417FC8DBEC15}"
EndProject
Global
	GlobalSection(SolutionConfigurationPlatforms) = preSolution
		Debug|Any CPU = Debug|Any CPU
		Release|Any CPU = Release|Any CPU
	EndGlobalSection
	GlobalSection(ProjectConfigurationPlatforms) = postSolution
		{74ADC537-C431-493F-A701-94D21A146591}.Debug|Any CPU.ActiveCfg = Debug|Any CPU
		{74ADC537-C431-493F-A701-94D21A146591}.Debug|Any CPU.Build.0 = Debug|Any CPU
		{74ADC537-C431-493F-A701-94D21A146591}.Release|Any CPU.ActiveCfg = Release|Any CPU
		{74ADC537-C431-493F-A701-94D21A146591}.Release|Any CPU.Build.0 = Release|Any CPU
		{BD560AF4-9C2C-4330-963A-66FFB76ED310}.Debug|Any CPU.ActiveCfg = Debug|Any CPU
		{BD560AF4-9C2C-4330-963A-66FFB76ED310}.Debug|Any CPU.Build.0 = Debug|Any CPU
		{BD560AF4-9C2C-4330-963A-66FFB76ED310}.Release|Any CPU.ActiveCfg = Release|Any CPU
		{BD560AF4-9C2C-4330-963A-66FFB76ED310}.Release|Any CPU.Build.0 = Release|Any CPU
		{87540468-0636-47DC-9AEE-417FC8DBEC15}.Debug|Any CPU.ActiveCfg = Debug|Any CPU
		{87540468-0636-47DC-9AEE-417FC8DBEC15}.Debug|Any CPU.Build.0 = Debug|Any CPU
		{87540468-0636-47DC-9AEE-417FC8DBEC15}.Release|Any CPU.ActiveCfg = Release|Any CPU
		{87540468-0636-47DC-9AEE-417FC8DBEC15}.Release|Any CPU.Build.0 = Release|Any CPU
	EndGlobalSection
	GlobalSection(SolutionProperties) = preSolution
		HideSolutionNode = FALSE
	EndGlobalSection
	GlobalSection(ExtensibilityGlobals) = postSolution
		SolutionGuid = {811CDAE4-592C-4B2B-B30C-11331E37130B}
	EndGlobalSection
EndGlobal
